
Microsoft Visual Studio Solution File, Format Version 12.00
# Visual Studio 15
Project("{FAE04EC0-301F-11D3-BF4B-00C04F79EFBC}") = "num2", "num2\num2.csproj", "{FA52DA2E-C906-4CFD-94F9-1DA66D833D59}"
EndProject
Global
	GlobalSection(SolutionConfigurationPlatforms) = preSolution
		Debug|Any CPU = Debug|Any CPU
		Release|Any CPU = Release|Any CPU
	EndGlobalSection
	GlobalSection(ProjectConfigurationPlatforms) = postSolution
		{FA52DA2E-C906-4CFD-94F9-1DA66D833D59}.Debug|Any CPU.ActiveCfg = Debug|Any CPU
		{FA52DA2E-C906-4CFD-94F9-1DA66D833D59}.Debug|Any CPU.Build.0 = Debug|Any CPU
		{FA52DA2E-C906-4CFD-94F9-1DA66D833D59}.Release|Any CPU.ActiveCfg = Release|Any CPU
		{FA52DA2E-C906-4CFD-94F9-1DA66D833D59}.Release|Any CPU.Build.0 = Release|Any CPU
	EndGlobalSection
EndGlobal
